# This file is automatically @generated by Cargo.
# It is not intended for manual editing.
version = 4

[[package]]
name = "libc"
version = "0.2.186"
source = "registry+https://github.com/rust-lang/crates.io-index"
checksum = "68ab91017fe16c622486840e4c83c9a37afeff978bd239b5293d61ece587de66"

[[package]]
name = "which"
version = "8.0.4"
source = "registry+https://github.com/rust-lang/crates.io-index"
checksum = "48d7cd18d4acb58fb3cdfe9ea54e6cd96a4e7d4cc45c56338b236e82dad47248"
dependencies = [
 "libc",
]

[[package]]
name = "which-cli"
version = "1.0.1"
dependencies = [
 "which",
]
